
Microsoft Visual Studio Solution File, Format Version 12.00
# Visual Studio Version 17
VisualStudioVersion = 17.6.33815.320
MinimumVisualStudioVersion = 10.0.40219.1
Project("{FAE04EC0-301F-11D3-BF4B-00C04F79EFBC}") = "WS-Server", "WS-Server.csproj", "{A9A10C73-588A-4D46-9C42-B788D588925D}"
EndProject
Global
	GlobalSection(SolutionConfigurationPlatforms) = preSolution
		Debug|Any CPU = Debug|Any CPU
		Release|Any CPU = Release|Any CPU
	EndGlobalSection
	GlobalSection(ProjectConfigurationPlatforms) = postSolution
		{A9A10C73-588A-4D46-9C42-B788D588925D}.Debug|Any CPU.ActiveCfg = Debug|Any CPU
		{A9A10C73-588A-4D46-9C42-B788D588925D}.Debug|Any CPU.Build.0 = Debug|Any CPU
		{A9A10C73-588A-4D46-9C42-B788D588925D}.Release|Any CPU.ActiveCfg = Release|Any CPU
		{A9A10C73-588A-4D46-9C42-B788D588925D}.Release|Any CPU.Build.0 = Release|Any CPU
	EndGlobalSection
	GlobalSection(SolutionProperties) = preSolution
		HideSolutionNode = FALSE
	EndGlobalSection
	GlobalSection(ExtensibilityGlobals) = postSolution
		SolutionGuid = {5FE445D0-5B6C-4B78-B48E-385E9E5E6702}
	EndGlobalSection
EndGlobal
